
Microsoft Visual Studio Solution File, Format Version 12.00
# Visual Studio Version 17
VisualStudioVersion = 17.14.36221.1 d17.14
MinimumVisualStudioVersion = 10.0.40219.1
Project("{FAE04EC0-301F-11D3-BF4B-00C04F79EFBC}") = "MakeMyTrips", "MakeMyTrips\MakeMyTrips.csproj", "{DABE9B8E-9ACE-4AAE-81BD-1F833BD7662E}"
EndProject
Global
	GlobalSection(SolutionConfigurationPlatforms) = preSolution
		Debug|Any CPU = Debug|Any CPU
		Release|Any CPU = Release|Any CPU
	EndGlobalSection
	GlobalSection(ProjectConfigurationPlatforms) = postSolution
		{DABE9B8E-9ACE-4AAE-81BD-1F833BD7662E}.Debug|Any CPU.ActiveCfg = Debug|Any CPU
		{DABE9B8E-9ACE-4AAE-81BD-1F833BD7662E}.Debug|Any CPU.Build.0 = Debug|Any CPU
		{DABE9B8E-9ACE-4AAE-81BD-1F833BD7662E}.Release|Any CPU.ActiveCfg = Release|Any CPU
		{DABE9B8E-9ACE-4AAE-81BD-1F833BD7662E}.Release|Any CPU.Build.0 = Release|Any CPU
	EndGlobalSection
	GlobalSection(SolutionProperties) = preSolution
		HideSolutionNode = FALSE
	EndGlobalSection
	GlobalSection(ExtensibilityGlobals) = postSolution
		SolutionGuid = {B3640BA0-AA5E-408B-A02F-FF0E79836E73}
	EndGlobalSection
EndGlobal
